<?xml version="1.0" encoding="utf-8"?>
<Project ToolsVersion="4.0" xmlns="http://schemas.microsoft.com/developer/msbuild/2003">
  <ItemGroup>
    <Filter Include="Source Files">
      <UniqueIdentifier>{4FC737F1-C7A5-4376-A066-2A32D752A2FF}</UniqueIdentifier>
      <Extensions>cpp;c;cc;cxx;def;odl;idl;hpj;bat;asm;asmx</Extensions>
    </Filter>
    <Filter Include="Header Files">
      <UniqueIdentifier>{93995380-89BD-4b04-88EB-625FBE52EBFB}</UniqueIdentifier>
      <Extensions>h;hh;hpp;hxx;hm;inl;inc;ipp;xsd</Extensions>
    </Filter>
    <Filter Include="Resource Files">
      <UniqueIdentifier>{67DA6AB6-F800-4c08-8B7A-83BB121AAD01}</UniqueIdentifier>
      <Extensions>rc;ico;cur;bmp;dlg;rc2;rct;bin;rgs;gif;jpg;jpeg;jpe;resx;tiff;tif;png;wav;mfcribbon-ms</Extensions>
    </Filter>
    <Filter Include="Header Files\hittables">
      <UniqueIdentifier>{0645bb4a-483b-421d-80f8-b7418f506dac}</UniqueIdentifier>
    </Filter>
    <Filter Include="Header Files\materials">
      <UniqueIdentifier>{ac9bb7bb-e547-42d7-bdef-86e7ecf21150}</UniqueIdentifier>
    </Filter>
  </ItemGroup>
  <ItemGroup>
    <ClInclude Include="pch.h">
      <Filter>Header Files</Filter>
    </ClInclude>
    <ClInclude Include="Lib\stb_image.h">
      <Filter>Header Files</Filter>
    </ClInclude>
    <ClInclude Include="math\vec3.h">
      <Filter>Header Files</Filter>
    </ClInclude>
    <ClInclude Include="math\ray.h">
      <Filter>Header Files</Filter>
    </ClInclude>
    <ClInclude Include="smath.h">
      <Filter>Header Files</Filter>
    </ClInclude>
    <ClInclude Include="math\random.h">
      <Filter>Header Files</Filter>
    </ClInclude>
    <ClInclude Include="camera.h">
      <Filter>Header Files</Filter>
    </ClInclude>
    <ClInclude Include="hittable.h">
      <Filter>Header Files\hittables</Filter>
    </ClInclude>
    <ClInclude Include="objects\hittable_list.h">
      <Filter>Header Files\hittables</Filter>
    </ClInclude>
    <ClInclude Include="objects\sphere.h">
      <Filter>Header Files\hittables</Filter>
    </ClInclude>
    <ClInclude Include="materials\material.h">
      <Filter>Header Files\materials</Filter>
    </ClInclude>
    <ClInclude Include="materials\dialetric.h">
      <Filter>Header Files\materials</Filter>
    </ClInclude>
    <ClInclude Include="materials\metal.h">
      <Filter>Header Files\materials</Filter>
    </ClInclude>
    <ClInclude Include="materials\lambertian.h">
      <Filter>Header Files\materials</Filter>
    </ClInclude>
    <ClInclude Include="objects\moving_sphere.h">
      <Filter>Header Files\hittables</Filter>
    </ClInclude>
    <ClInclude Include="objects\aabb.h">
      <Filter>Header Files\hittables</Filter>
    </ClInclude>
    <ClInclude Include="materials\texture.h">
      <Filter>Header Files\materials</Filter>
    </ClInclude>
    <ClInclude Include="materials\constant_texture.h">
      <Filter>Header Files\materials</Filter>
    </ClInclude>
    <ClInclude Include="materials\checker_texture.h">
      <Filter>Header Files\materials</Filter>
    </ClInclude>
    <ClInclude Include="materials\diffuse_light.h">
      <Filter>Header Files\materials</Filter>
    </ClInclude>
    <ClInclude Include="objects\xy_rect.h">
      <Filter>Header Files\hittables</Filter>
    </ClInclude>
    <ClInclude Include="objects\box.h">
      <Filter>Header Files\hittables</Filter>
    </ClInclude>
    <ClInclude Include="objects\translate.h">
      <Filter>Header Files\hittables</Filter>
    </ClInclude>
    <ClInclude Include="objects\Rotate.h">
      <Filter>Header Files\hittables</Filter>
    </ClInclude>
  </ItemGroup>
  <ItemGroup>
    <ClCompile Include="pch.cpp">
      <Filter>Source Files</Filter>
    </ClCompile>
    <ClCompile Include="math\vec3.cpp">
      <Filter>Source Files</Filter>
    </ClCompile>
    <ClCompile Include="Tracer.cpp">
      <Filter>Source Files</Filter>
    </ClCompile>
    <ClCompile Include="smath.cpp">
      <Filter>Source Files</Filter>
    </ClCompile>
  </ItemGroup>
</Project>